// !$*UTF8*$!
{
	archiveVersion = 1;
	classes = {
	};
	objectVersion = 46;
	objects = {

/* Begin PBXBuildFile section */
		9412421C1B7EBA82006047AA /* main.m in Sources */ = {isa = PBXBuildFile; fileRef = 9412421B1B7EBA82006047AA /* main.m */; };
		9412421F1B7EBA82006047AA /* AppDelegate.m in Sources */ = {isa = PBXBuildFile; fileRef = 9412421E1B7EBA82006047AA /* AppDelegate.m */; };
		941242221B7EBA82006047AA /* ViewController.m in Sources */ = {isa = PBXBuildFile; fileRef = 941242211B7EBA82006047AA /* ViewController.m */; };
		941242251B7EBA82006047AA /* Main.storyboard in Resources */ = {isa = PBXBuildFile; fileRef = 941242231B7EBA82006047AA /* Main.storyboard */; };
		941242271B7EBA82006047AA /* Images.xcassets in Resources */ = {isa = PBXBuildFile; fileRef = 941242261B7EBA82006047AA /* Images.xcassets */; };
		9412422A1B7EBA82006047AA /* LaunchScreen.xib in Resources */ = {isa = PBXBuildFile; fileRef = 941242281B7EBA82006047AA /* LaunchScreen.xib */; };
		941242361B7EBA82006047AA /* MatchItTests.m in Sources */ = {isa = PBXBuildFile; fileRef = 941242351B7EBA82006047AA /* MatchItTests.m */; };
		941242421B7EE8E5006047AA /* Card.m in Sources */ = {isa = PBXBuildFile; fileRef = 941242411B7EE8E5006047AA /* Card.m */; };
		941242451B7EED78006047AA /* Deck.m in Sources */ = {isa = PBXBuildFile; fileRef = 941242441B7EED78006047AA /* Deck.m */; };
		941242491B7EF7CF006047AA /* PlayingCard.m in Sources */ = {isa = PBXBuildFile; fileRef = 941242481B7EF7CF006047AA /* PlayingCard.m */; };
		9412424B1B7EFE5C006047AA /* PlayingCardDeck.m in Sources */ = {isa = PBXBuildFile; fileRef = 9412424A1B7EFE5C006047AA /* PlayingCardDeck.m */; };
		9412424F1B8107B4006047AA /* CardMatchingGame.m in Sources */ = {isa = PBXBuildFile; fileRef = 9412424E1B8107B4006047AA /* CardMatchingGame.m */; };
		94141E3E1B8EB0BC004795A1 /* PlayingCardGameViewController.m in Sources */ = {isa = PBXBuildFile; fileRef = 94141E3D1B8EB0BC004795A1 /* PlayingCardGameViewController.m */; };
/* End PBXBuildFile section */

/* Begin PBXContainerItemProxy section */
		941242301B7EBA82006047AA /* PBXContainerItemProxy */ = {
			isa = PBXContainerItemProxy;
			containerPortal = 9412420E1B7EBA81006047AA /* Project object */;
			proxyType = 1;
			remoteGlobalIDString = 941242151B7EBA81006047AA;
			remoteInfo = MatchIt;
		};
/* End PBXContainerItemProxy section */

/* Begin PBXFileReference section */
		941242161B7EBA81006047AA /* MatchIt.app */ = {isa = PBXFileReference; explicitFileType = wrapper.application; includeInIndex = 0; path = MatchIt.app; sourceTree = BUILT_PRODUCTS_DIR; };
		9412421A1B7EBA82006047AA /* Info.plist */ = {isa = PBXFileReference; lastKnownFileType = text.plist.xml; path = Info.plist; sourceTree = "<group>"; };
		9412421B1B7EBA82006047AA /* main.m */ = {isa = PBXFileReference; lastKnownFileType = sourcecode.c.objc; path = main.m; sourceTree = "<group>"; };
		9412421D1B7EBA82006047AA /* AppDelegate.h */ = {isa = PBXFileReference; lastKnownFileType = sourcecode.c.h; path = AppDelegate.h; sourceTree = "<group>"; };
		9412421E1B7EBA82006047AA /* AppDelegate.m */ = {isa = PBXFileReference; lastKnownFileType = sourcecode.c.objc; path = AppDelegate.m; sourceTree = "<group>"; };
		941242201B7EBA82006047AA /* ViewController.h */ = {isa = PBXFileReference; lastKnownFileType = sourcecode.c.h; path = ViewController.h; sourceTree = "<group>"; };
		941242211B7EBA82006047AA /* ViewController.m */ = {isa = PBXFileReference; lastKnownFileType = sourcecode.c.objc; path = ViewController.m; sourceTree = "<group>"; };
		941242241B7EBA82006047AA /* Base */ = {isa = PBXFileReference; lastKnownFileType = file.storyboard; name = Base; path = Base.lproj/Main.storyboard; sourceTree = "<group>"; };
		941242261B7EBA82006047AA /* Images.xcassets */ = {isa = PBXFileReference; lastKnownFileType = folder.assetcatalog; path = Images.xcassets; sourceTree = "<group>"; };
		941242291B7EBA82006047AA /* Base */ = {isa = PBXFileReference; lastKnownFileType = file.xib; name = Base; path = Base.lproj/LaunchScreen.xib; sourceTree = "<group>"; };
		9412422F1B7EBA82006047AA /* MatchItTests.xctest */ = {isa = PBXFileReference; explicitFileType = wrapper.cfbundle; includeInIndex = 0; path = MatchItTests.xctest; sourceTree = BUILT_PRODUCTS_DIR; };
		941242341B7EBA82006047AA /* Info.plist */ = {isa = PBXFileReference; lastKnownFileType = text.plist.xml; path = Info.plist; sourceTree = "<group>"; };
		941242351B7EBA82006047AA /* MatchItTests.m */ = {isa = PBXFileReference; lastKnownFileType = sourcecode.c.objc; path = MatchItTests.m; sourceTree = "<group>"; };
		941242401B7EE8B8006047AA /* Card.h */ = {isa = PBXFileReference; lastKnownFileType = sourcecode.c.h; name = Card.h; path = Model/Card.h; sourceTree = "<group>"; };
		941242411B7EE8E5006047AA /* Card.m */ = {isa = PBXFileReference; fileEncoding = 4; lastKnownFileType = sourcecode.c.objc; name = Card.m; path = Model/Card.m; sourceTree = "<group>"; };
		941242441B7EED78006047AA /* Deck.m */ = {isa = PBXFileReference; fileEncoding = 4; lastKnownFileType = sourcecode.c.objc; name = Deck.m; path = Model/Deck.m; sourceTree = "<group>"; };
		941242461B7EED87006047AA /* Deck.h */ = {isa = PBXFileReference; lastKnownFileType = sourcecode.c.h; name = Deck.h; path = Model/Deck.h; sourceTree = "<group>"; };
		941242471B7EF7C4006047AA /* PlayingCard.h */ = {isa = PBXFileReference; lastKnownFileType = sourcecode.c.h; name = PlayingCard.h; path = Model/PlayingCard.h; sourceTree = "<group>"; };
		941242481B7EF7CF006047AA /* PlayingCard.m */ = {isa = PBXFileReference; fileEncoding = 4; lastKnownFileType = sourcecode.c.objc; name = PlayingCard.m; path = Model/PlayingCard.m; sourceTree = "<group>"; };
		9412424A1B7EFE5C006047AA /* PlayingCardDeck.m */ = {isa = PBXFileReference; fileEncoding = 4; lastKnownFileType = sourcecode.c.objc; name = PlayingCardDeck.m; path = Model/PlayingCardDeck.m; sourceTree = "<group>"; };
		9412424C1B7EFE6B006047AA /* PlayingCardDeck.h */ = {isa = PBXFileReference; lastKnownFileType = sourcecode.c.h; name = PlayingCardDeck.h; path = Model/PlayingCardDeck.h; sourceTree = "<group>"; };
		9412424D1B8107A9006047AA /* CardMatchingGame.h */ = {isa = PBXFileReference; lastKnownFileType = sourcecode.c.h; name = CardMatchingGame.h; path = Model/CardMatchingGame.h; sourceTree = "<group>"; };
		9412424E1B8107B4006047AA /* CardMatchingGame.m */ = {isa = PBXFileReference; fileEncoding = 4; lastKnownFileType = sourcecode.c.objc; path = CardMatchingGame.m; sourceTree = "<group>"; };
		94141E3D1B8EB0BC004795A1 /* PlayingCardGameViewController.m */ = {isa = PBXFileReference; fileEncoding = 4; lastKnownFileType = sourcecode.c.objc; path = PlayingCardGameViewController.m; sourceTree = "<group>"; };
		94141E3F1B8EB0CF004795A1 /* PlayingCardGameViewController.h */ = {isa = PBXFileReference; lastKnownFileType = sourcecode.c.h; path = PlayingCardGameViewController.h; sourceTree = "<group>"; };
/* End PBXFileReference section */

/* Begin PBXFrameworksBuildPhase section */
		941242131B7EBA81006047AA /* Frameworks */ = {
			isa = PBXFrameworksBuildPhase;
			buildActionMask = 2147483647;
			files = (
			);
			runOnlyForDeploymentPostprocessing = 0;
		};
		9412422C1B7EBA82006047AA /* Frameworks */ = {
			isa = PBXFrameworksBuildPhase;
			buildActionMask = 2147483647;
			files = (
			);
			runOnlyForDeploymentPostprocessing = 0;
		};
/* End PBXFrameworksBuildPhase section */

/* Begin PBXGroup section */
		9412420D1B7EBA81006047AA = {
			isa = PBXGroup;
			children = (
				941242181B7EBA81006047AA /* MatchIt */,
				941242321B7EBA82006047AA /* MatchItTests */,
				941242171B7EBA81006047AA /* Products */,
			);
			sourceTree = "<group>";
		};
		941242171B7EBA81006047AA /* Products */ = {
			isa = PBXGroup;
			children = (
				941242161B7EBA81006047AA /* MatchIt.app */,
				9412422F1B7EBA82006047AA /* MatchItTests.xctest */,
			);
			name = Products;
			sourceTree = "<group>";
		};
		941242181B7EBA81006047AA /* MatchIt */ = {
			isa = PBXGroup;
			children = (
				941242431B7EE95A006047AA /* Model */,
				94141E3D1B8EB0BC004795A1 /* PlayingCardGameViewController.m */,
				94141E3F1B8EB0CF004795A1 /* PlayingCardGameViewController.h */,
				941242201B7EBA82006047AA /* ViewController.h */,
				941242211B7EBA82006047AA /* ViewController.m */,
				941242231B7EBA82006047AA /* Main.storyboard */,
				941242261B7EBA82006047AA /* Images.xcassets */,
				941242281B7EBA82006047AA /* LaunchScreen.xib */,
				941242191B7EBA81006047AA /* Supporting Files */,
			);
			path = MatchIt;
			sourceTree = "<group>";
		};
		941242191B7EBA81006047AA /* Supporting Files */ = {
			isa = PBXGroup;
			children = (
				9412421D1B7EBA82006047AA /* AppDelegate.h */,
				9412421E1B7EBA82006047AA /* AppDelegate.m */,
				9412421A1B7EBA82006047AA /* Info.plist */,
				9412421B1B7EBA82006047AA /* main.m */,
			);
			name = "Supporting Files";
			sourceTree = "<group>";
		};
		941242321B7EBA82006047AA /* MatchItTests */ = {
			isa = PBXGroup;
			children = (
				941242351B7EBA82006047AA /* MatchItTests.m */,
				941242331B7EBA82006047AA /* Supporting Files */,
			);
			path = MatchItTests;
			sourceTree = "<group>";
		};
		941242331B7EBA82006047AA /* Supporting Files */ = {
			isa = PBXGroup;
			children = (
				941242341B7EBA82006047AA /* Info.plist */,
			);
			name = "Supporting Files";
			sourceTree = "<group>";
		};
		941242431B7EE95A006047AA /* Model */ = {
			isa = PBXGroup;
			children = (
				941242401B7EE8B8006047AA /* Card.h */,
				941242411B7EE8E5006047AA /* Card.m */,
				941242461B7EED87006047AA /* Deck.h */,
				941242441B7EED78006047AA /* Deck.m */,
				941242471B7EF7C4006047AA /* PlayingCard.h */,
				941242481B7EF7CF006047AA /* PlayingCard.m */,
				9412424C1B7EFE6B006047AA /* PlayingCardDeck.h */,
				9412424A1B7EFE5C006047AA /* PlayingCardDeck.m */,
				9412424D1B8107A9006047AA /* CardMatchingGame.h */,
				9412424E1B8107B4006047AA /* CardMatchingGame.m */,
			);
			name = Model;
			sourceTree = "<group>";
		};
/* End PBXGroup section */

/* Begin PBXNativeTarget section */
		941242151B7EBA81006047AA /* MatchIt */ = {
			isa = PBXNativeTarget;
			buildConfigurationList = 941242391B7EBA82006047AA /* Build configuration list for PBXNativeTarget "MatchIt" */;
			buildPhases = (
				941242121B7EBA81006047AA /* Sources */,
				941242131B7EBA81006047AA /* Frameworks */,
				941242141B7EBA81006047AA /* Resources */,
			);
			buildRules = (
			);
			dependencies = (
			);
			name = MatchIt;
			productName = MatchIt;
			productReference = 941242161B7EBA81006047AA /* MatchIt.app */;
			productType = "com.apple.product-type.application";
		};
		9412422E1B7EBA82006047AA /* MatchItTests */ = {
			isa = PBXNativeTarget;
			buildConfigurationList = 9412423C1B7EBA82006047AA /* Build configuration list for PBXNativeTarget "MatchItTests" */;
			buildPhases = (
				9412422B1B7EBA82006047AA /* Sources */,
				9412422C1B7EBA82006047AA /* Frameworks */,
				9412422D1B7EBA82006047AA /* Resources */,
			);
			buildRules = (
			);
			dependencies = (
				941242311B7EBA82006047AA /* PBXTargetDependency */,
			);
			name = MatchItTests;
			productName = MatchItTests;
			productReference = 9412422F1B7EBA82006047AA /* MatchItTests.xctest */;
			productType = "com.apple.product-type.bundle.unit-test";
		};
/* End PBXNativeTarget section */

/* Begin PBXProject section */
		9412420E1B7EBA81006047AA /* Project object */ = {
			isa = PBXProject;
			attributes = {
				LastUpgradeCheck = 0640;
				ORGANIZATIONNAME = "Joanne Wang";
				TargetAttributes = {
					941242151B7EBA81006047AA = {
						CreatedOnToolsVersion = 6.4;
					};
					9412422E1B7EBA82006047AA = {
						CreatedOnToolsVersion = 6.4;
						TestTargetID = 941242151B7EBA81006047AA;
					};
				};
			};
			buildConfigurationList = 941242111B7EBA81006047AA /* Build configuration list for PBXProject "MatchIt" */;
			compatibilityVersion = "Xcode 3.2";
			developmentRegion = English;
			hasScannedForEncodings = 0;
			knownRegions = (
				en,
				Base,
			);
			mainGroup = 9412420D1B7EBA81006047AA;
			productRefGroup = 941242171B7EBA81006047AA /* Products */;
			projectDirPath = "";
			projectRoot = "";
			targets = (
				941242151B7EBA81006047AA /* MatchIt */,
				9412422E1B7EBA82006047AA /* MatchItTests */,
			);
		};
/* End PBXProject section */

/* Begin PBXResourcesBuildPhase section */
		941242141B7EBA81006047AA /* Resources */ = {
			isa = PBXResourcesBuildPhase;
			buildActionMask = 2147483647;
			files = (
				941242251B7EBA82006047AA /* Main.storyboard in Resources */,
				9412422A1B7EBA82006047AA /* LaunchScreen.xib in Resources */,
				941242271B7EBA82006047AA /* Images.xcassets in Resources */,
			);
			runOnlyForDeploymentPostprocessing = 0;
		};
		9412422D1B7EBA82006047AA /* Resources */ = {
			isa = PBXResourcesBuildPhase;
			buildActionMask = 2147483647;
			files = (
			);
			runOnlyForDeploymentPostprocessing = 0;
		};
/* End PBXResourcesBuildPhase section */

/* Begin PBXSourcesBuildPhase section */
		941242121B7EBA81006047AA /* Sources */ = {
			isa = PBXSourcesBuildPhase;
			buildActionMask = 2147483647;
			files = (
				941242491B7EF7CF006047AA /* PlayingCard.m in Sources */,
				941242451B7EED78006047AA /* Deck.m in Sources */,
				941242221B7EBA82006047AA /* ViewController.m in Sources */,
				9412421F1B7EBA82006047AA /* AppDelegate.m in Sources */,
				9412424F1B8107B4006047AA /* CardMatchingGame.m in Sources */,
				9412424B1B7EFE5C006047AA /* PlayingCardDeck.m in Sources */,
				9412421C1B7EBA82006047AA /* main.m in Sources */,
				941242421B7EE8E5006047AA /* Card.m in Sources */,
				94141E3E1B8EB0BC004795A1 /* PlayingCardGameViewController.m in Sources */,
			);
			runOnlyForDeploymentPostprocessing = 0;
		};
		9412422B1B7EBA82006047AA /* Sources */ = {
			isa = PBXSourcesBuildPhase;
			buildActionMask = 2147483647;
			files = (
				941242361B7EBA82006047AA /* MatchItTests.m in Sources */,
			);
			runOnlyForDeploymentPostprocessing = 0;
		};
/* End PBXSourcesBuildPhase section */

/* Begin PBXTargetDependency section */
		941242311B7EBA82006047AA /* PBXTargetDependency */ = {
			isa = PBXTargetDependency;
			target = 941242151B7EBA81006047AA /* MatchIt */;
			targetProxy = 941242301B7EBA82006047AA /* PBXContainerItemProxy */;
		};
/* End PBXTargetDependency section */

/* Begin PBXVariantGroup section */
		941242231B7EBA82006047AA /* Main.storyboard */ = {
			isa = PBXVariantGroup;
			children = (
				941242241B7EBA82006047AA /* Base */,
			);
			name = Main.storyboard;
			sourceTree = "<group>";
		};
		941242281B7EBA82006047AA /* LaunchScreen.xib */ = {
			isa = PBXVariantGroup;
			children = (
				941242291B7EBA82006047AA /* Base */,
			);
			name = LaunchScreen.xib;
			sourceTree = "<group>";
		};
/* End PBXVariantGroup section */

/* Begin XCBuildConfiguration section */
		941242371B7EBA82006047AA /* Debug */ = {
			isa = XCBuildConfiguration;
			buildSettings = {
				ALWAYS_SEARCH_USER_PATHS = NO;
				CLANG_CXX_LANGUAGE_STANDARD = "gnu++0x";
				CLANG_CXX_LIBRARY = "libc++";
				CLANG_ENABLE_MODULES = YES;
				CLANG_ENABLE_OBJC_ARC = YES;
				CLANG_WARN_BOOL_CONVERSION = YES;
				CLANG_WARN_CONSTANT_CONVERSION = YES;
				CLANG_WARN_DIRECT_OBJC_ISA_USAGE = YES_ERROR;
				CLANG_WARN_EMPTY_BODY = YES;
				CLANG_WARN_ENUM_CONVERSION = YES;
				CLANG_WARN_INT_CONVERSION = YES;
				CLANG_WARN_OBJC_ROOT_CLASS = YES_ERROR;
				CLANG_WARN_UNREACHABLE_CODE = YES;
				CLANG_WARN__DUPLICATE_METHOD_MATCH = YES;
				"CODE_SIGN_IDENTITY[sdk=iphoneos*]" = "iPhone Developer";
				COPY_PHASE_STRIP = NO;
				DEBUG_INFORMATION_FORMAT = "dwarf-with-dsym";
				ENABLE_STRICT_OBJC_MSGSEND = YES;
				GCC_C_LANGUAGE_STANDARD = gnu99;
				GCC_DYNAMIC_NO_PIC = NO;
				GCC_NO_COMMON_BLOCKS = YES;
				GCC_OPTIMIZATION_LEVEL = 0;
				GCC_PREPROCESSOR_DEFINITIONS = (
					"DEBUG=1",
					"$(inherited)",
				);
				GCC_SYMBOLS_PRIVATE_EXTERN = NO;
				GCC_WARN_64_TO_32_BIT_CONVERSION = YES;
				GCC_WARN_ABOUT_RETURN_TYPE = YES_ERROR;
				GCC_WARN_UNDECLARED_SELECTOR = YES;
				GCC_WARN_UNINITIALIZED_AUTOS = YES_AGGRESSIVE;
				GCC_WARN_UNUSED_FUNCTION = YES;
				GCC_WARN_UNUSED_VARIABLE = YES;
				IPHONEOS_DEPLOYMENT_TARGET = 8.4;
				MTL_ENABLE_DEBUG_INFO = YES;
				ONLY_ACTIVE_ARCH = YES;
				SDKROOT = iphoneos;
			};
			name = Debug;
		};
		941242381B7EBA82006047AA /* Release */ = {
			isa = XCBuildConfiguration;
			buildSettings = {
				ALWAYS_SEARCH_USER_PATHS = NO;
				CLANG_CXX_LANGUAGE_STANDARD = "gnu++0x";
				CLANG_CXX_LIBRARY = "libc++";
				CLANG_ENABLE_MODULES = YES;
				CLANG_ENABLE_OBJC_ARC = YES;
				CLANG_WARN_BOOL_CONVERSION = YES;
				CLANG_WARN_CONSTANT_CONVERSION = YES;
				CLANG_WARN_DIRECT_OBJC_ISA_USAGE = YES_ERROR;
				CLANG_WARN_EMPTY_BODY = YES;
				CLANG_WARN_ENUM_CONVERSION = YES;
				CLANG_WARN_INT_CONVERSION = YES;
				CLANG_WARN_OBJC_ROOT_CLASS = YES_ERROR;
				CLANG_WARN_UNREACHABLE_CODE = YES;
				CLANG_WARN__DUPLICATE_METHOD_MATCH = YES;
				"CODE_SIGN_IDENTITY[sdk=iphoneos*]" = "iPhone Developer";
				COPY_PHASE_STRIP = NO;
				DEBUG_INFORMATION_FORMAT = "dwarf-with-dsym";
				ENABLE_NS_ASSERTIONS = NO;
				ENABLE_STRICT_OBJC_MSGSEND = YES;
				GCC_C_LANGUAGE_STANDARD = gnu99;
				GCC_NO_COMMON_BLOCKS = YES;
				GCC_WARN_64_TO_32_BIT_CONVERSION = YES;
				GCC_WARN_ABOUT_RETURN_TYPE = YES_ERROR;
				GCC_WARN_UNDECLARED_SELECTOR = YES;
				GCC_WARN_UNINITIALIZED_AUTOS = YES_AGGRESSIVE;
				GCC_WARN_UNUSED_FUNCTION = YES;
				GCC_WARN_UNUSED_VARIABLE = YES;
				IPHONEOS_DEPLOYMENT_TARGET = 8.4;
				MTL_ENABLE_DEBUG_INFO = NO;
				SDKROOT = iphoneos;
				VALIDATE_PRODUCT = YES;
			};
			name = Release;
		};
		9412423A1B7EBA82006047AA /* Debug */ = {
			isa = XCBuildConfiguration;
			buildSettings = {
				ASSETCATALOG_COMPILER_APPICON_NAME = AppIcon;
				INFOPLIST_FILE = MatchIt/Info.plist;
				LD_RUNPATH_SEARCH_PATHS = "$(inherited) @executable_path/Frameworks";
				PRODUCT_NAME = "$(TARGET_NAME)";
			};
			name = Debug;
		};
		9412423B1B7EBA82006047AA /* Release */ = {
			isa = XCBuildConfiguration;
			buildSettings = {
				ASSETCATALOG_COMPILER_APPICON_NAME = AppIcon;
				INFOPLIST_FILE = MatchIt/Info.plist;
				LD_RUNPATH_SEARCH_PATHS = "$(inherited) @executable_path/Frameworks";
				PRODUCT_NAME = "$(TARGET_NAME)";
			};
			name = Release;
		};
		9412423D1B7EBA82006047AA /* Debug */ = {
			isa = XCBuildConfiguration;
			buildSettings = {
				BUNDLE_LOADER = "$(TEST_HOST)";
				FRAMEWORK_SEARCH_PATHS = (
					"$(SDKROOT)/Developer/Library/Frameworks",
					"$(inherited)",
				);
				GCC_PREPROCESSOR_DEFINITIONS = (
					"DEBUG=1",
					"$(inherited)",
				);
				INFOPLIST_FILE = MatchItTests/Info.plist;
				LD_RUNPATH_SEARCH_PATHS = "$(inherited) @executable_path/Frameworks @loader_path/Frameworks";
				PRODUCT_NAME = "$(TARGET_NAME)";
				TEST_HOST = "$(BUILT_PRODUCTS_DIR)/MatchIt.app/MatchIt";
			};
			name = Debug;
		};
		9412423E1B7EBA82006047AA /* Release */ = {
			isa = XCBuildConfiguration;
			buildSettings = {
				BUNDLE_LOADER = "$(TEST_HOST)";
				FRAMEWORK_SEARCH_PATHS = (
					"$(SDKROOT)/Developer/Library/Frameworks",
					"$(inherited)",
				);
				INFOPLIST_FILE = MatchItTests/Info.plist;
				LD_RUNPATH_SEARCH_PATHS = "$(inherited) @executable_path/Frameworks @loader_path/Frameworks";
				PRODUCT_NAME = "$(TARGET_NAME)";
				TEST_HOST = "$(BUILT_PRODUCTS_DIR)/MatchIt.app/MatchIt";
			};
			name = Release;
		};
/* End XCBuildConfiguration section */

/* Begin XCConfigurationList section */
		941242111B7EBA81006047AA /* Build configuration list for PBXProject "MatchIt" */ = {
			isa = XCConfigurationList;
			buildConfigurations = (
				941242371B7EBA82006047AA /* Debug */,
				941242381B7EBA82006047AA /* Release */,
			);
			defaultConfigurationIsVisible = 0;
			defaultConfigurationName = Release;
		};
		941242391B7EBA82006047AA /* Build configuration list for PBXNativeTarget "MatchIt" */ = {
			isa = XCConfigurationList;
			buildConfigurations = (
				9412423A1B7EBA82006047AA /* Debug */,
				9412423B1B7EBA82006047AA /* Release */,
			);
			defaultConfigurationIsVisible = 0;
			defaultConfigurationName = Release;
		};
		9412423C1B7EBA82006047AA /* Build configuration list for PBXNativeTarget "MatchItTests" */ = {
			isa = XCConfigurationList;
			buildConfigurations = (
				9412423D1B7EBA82006047AA /* Debug */,
				9412423E1B7EBA82006047AA /* Release */,
			);
			defaultConfigurationIsVisible = 0;
			defaultConfigurationName = Release;
		};
/* End XCConfigurationList section */
	};
	rootObject = 9412420E1B7EBA81006047AA /* Project object */;
}
